Microsoft Visual Studio Solution File, Format Version 11.00
# Visual Studio 2008

Project("{385CD5F4-C80B-7DE7-A699-DE14F423D8F5}") = "CombatDemo", "Assembly-CSharp.csproj", "{2BECAB66-AE52-17B6-8D5B-0A52885B1261}"
EndProject
Project("{385CD5F4-C80B-7DE7-A699-DE14F423D8F5}") = "CombatDemo", "Assembly-CSharp-Editor.csproj", "{2918F51B-676E-4687-0FBF-370914E0D32C}"
EndProject
Global
	GlobalSection(SolutionConfigurationPlatforms) = preSolution
		Debug|Any CPU = Debug|Any CPU
		Release|Any CPU = Release|Any CPU
	EndGlobalSection
	GlobalSection(ProjectConfigurationPlatforms) = postSolution
		{2BECAB66-AE52-17B6-8D5B-0A52885B1261}.Debug|Any CPU.ActiveCfg = Debug|Any CPU
		{2BECAB66-AE52-17B6-8D5B-0A52885B1261}.Debug|Any CPU.Build.0 = Debug|Any CPU
		{2BECAB66-AE52-17B6-8D5B-0A52885B1261}.Release|Any CPU.ActiveCfg = Release|Any CPU
		{2BECAB66-AE52-17B6-8D5B-0A52885B1261}.Release|Any CPU.Build.0 = Release|Any CPU
		{2918F51B-676E-4687-0FBF-370914E0D32C}.Debug|Any CPU.ActiveCfg = Debug|Any CPU
		{2918F51B-676E-4687-0FBF-370914E0D32C}.Debug|Any CPU.Build.0 = Debug|Any CPU
		{2918F51B-676E-4687-0FBF-370914E0D32C}.Release|Any CPU.ActiveCfg = Release|Any CPU
		{2918F51B-676E-4687-0FBF-370914E0D32C}.Release|Any CPU.Build.0 = Release|Any CPU
	EndGlobalSection
	GlobalSection(SolutionProperties) = preSolution
		HideSolutionNode = FALSE
	EndGlobalSection
	GlobalSection(MonoDevelopProperties) = preSolution
		StartupItem = Assembly-CSharp.csproj
	EndGlobalSection
EndGlobal
